// !$*UTF8*$!
{
	archiveVersion = 1;
	classes = {
	};
	objectVersion = 56;
	objects = {

/* Begin PBXBuildFile section */
		564126B22BD2F8130065605A /* AppDelegate.swift in Sources */ = {isa = PBXBuildFile; fileRef = 564126B12BD2F8130065605A /* AppDelegate.swift */; };
		564126B42BD2F8130065605A /* SceneDelegate.swift in Sources */ = {isa = PBXBuildFile; fileRef = 564126B32BD2F8130065605A /* SceneDelegate.swift */; };
		564126B62BD2F8130065605A /* ViewController.swift in Sources */ = {isa = PBXBuildFile; fileRef = 564126B52BD2F8130065605A /* ViewController.swift */; };
		564126B92BD2F8130065605A /* Base in Resources */ = {isa = PBXBuildFile; fileRef = 564126B82BD2F8130065605A /* Base */; };
		564126BB2BD2F8140065605A /* Assets.xcassets in Resources */ = {isa = PBXBuildFile; fileRef = 564126BA2BD2F8140065605A /* Assets.xcassets */; };
		564126BE2BD2F8140065605A /* Base in Resources */ = {isa = PBXBuildFile; fileRef = 564126BD2BD2F8140065605A /* Base */; };
		564126C92BD2F8140065605A /* NationalizeAppTests.swift in Sources */ = {isa = PBXBuildFile; fileRef = 564126C82BD2F8140065605A /* NationalizeAppTests.swift */; };
		564126D32BD2F8140065605A /* NationalizeAppUITests.swift in Sources */ = {isa = PBXBuildFile; fileRef = 564126D22BD2F8140065605A /* NationalizeAppUITests.swift */; };
		564126D52BD2F8140065605A /* NationalizeAppUITestsLaunchTests.swift in Sources */ = {isa = PBXBuildFile; fileRef = 564126D42BD2F8140065605A /* NationalizeAppUITestsLaunchTests.swift */; };
/* End PBXBuildFile section */

/* Begin PBXContainerItemProxy section */
		564126C52BD2F8140065605A /* PBXContainerItemProxy */ = {
			isa = PBXContainerItemProxy;
			containerPortal = 564126A62BD2F8130065605A /* Project object */;
			proxyType = 1;
			remoteGlobalIDString = 564126AD2BD2F8130065605A;
			remoteInfo = NationalizeApp;
		};
		564126CF2BD2F8140065605A /* PBXContainerItemProxy */ = {
			isa = PBXContainerItemProxy;
			containerPortal = 564126A62BD2F8130065605A /* Project object */;
			proxyType = 1;
			remoteGlobalIDString = 564126AD2BD2F8130065605A;
			remoteInfo = NationalizeApp;
		};
/* End PBXContainerItemProxy section */

/* Begin PBXFileReference section */
		564126AE2BD2F8130065605A /* NationalizeApp.app */ = {isa = PBXFileReference; explicitFileType = wrapper.application; includeInIndex = 0; path = NationalizeApp.app; sourceTree = BUILT_PRODUCTS_DIR; };
		564126B12BD2F8130065605A /* AppDelegate.swift */ = {isa = PBXFileReference; lastKnownFileType = sourcecode.swift; path = AppDelegate.swift; sourceTree = "<group>"; };
		564126B32BD2F8130065605A /* SceneDelegate.swift */ = {isa = PBXFileReference; lastKnownFileType = sourcecode.swift; path = SceneDelegate.swift; sourceTree = "<group>"; };
		564126B52BD2F8130065605A /* ViewController.swift */ = {isa = PBXFileReference; lastKnownFileType = sourcecode.swift; path = ViewController.swift; sourceTree = "<group>"; };
		564126B82BD2F8130065605A /* Base */ = {isa = PBXFileReference; lastKnownFileType = file.storyboard; name = Base; path = Base.lproj/Main.storyboard; sourceTree = "<group>"; };
		564126BA2BD2F8140065605A /* Assets.xcassets */ = {isa = PBXFileReference; lastKnownFileType = folder.assetcatalog; path = Assets.xcassets; sourceTree = "<group>"; };
		564126BD2BD2F8140065605A /* Base */ = {isa = PBXFileReference; lastKnownFileType = file.storyboard; name = Base; path = Base.lproj/LaunchScreen.storyboard; sourceTree = "<group>"; };
		564126BF2BD2F8140065605A /* Info.plist */ = {isa = PBXFileReference; lastKnownFileType = text.plist.xml; path = Info.plist; sourceTree = "<group>"; };
		564126C42BD2F8140065605A /* NationalizeAppTests.xctest */ = {isa = PBXFileReference; explicitFileType = wrapper.cfbundle; includeInIndex = 0; path = NationalizeAppTests.xctest; sourceTree = BUILT_PRODUCTS_DIR; };
		564126C82BD2F8140065605A /* NationalizeAppTests.swift */ = {isa = PBXFileReference; lastKnownFileType = sourcecode.swift; path = NationalizeAppTests.swift; sourceTree = "<group>"; };
		564126CE2BD2F8140065605A /* NationalizeAppUITests.xctest */ = {isa = PBXFileReference; explicitFileType = wrapper.cfbundle; includeInIndex = 0; path = NationalizeAppUITests.xctest; sourceTree = BUILT_PRODUCTS_DIR; };
		564126D22BD2F8140065605A /* NationalizeAppUITests.swift */ = {isa = PBXFileReference; lastKnownFileType = sourcecode.swift; path = NationalizeAppUITests.swift; sourceTree = "<group>"; };
		564126D42BD2F8140065605A /* NationalizeAppUITestsLaunchTests.swift */ = {isa = PBXFileReference; lastKnownFileType = sourcecode.swift; path = NationalizeAppUITestsLaunchTests.swift; sourceTree = "<group>"; };
/* End PBXFileReference section */

/* Begin PBXFrameworksBuildPhase section */
		564126AB2BD2F8130065605A /* Frameworks */ = {
			isa = PBXFrameworksBuildPhase;
			buildActionMask = 2147483647;
			files = (
			);
			runOnlyForDeploymentPostprocessing = 0;
		};
		564126C12BD2F8140065605A /* Frameworks */ = {
			isa = PBXFrameworksBuildPhase;
			buildActionMask = 2147483647;
			files = (
			);
			runOnlyForDeploymentPostprocessing = 0;
		};
		564126CB2BD2F8140065605A /* Frameworks */ = {
			isa = PBXFrameworksBuildPhase;
			buildActionMask = 2147483647;
			files = (
			);
			runOnlyForDeploymentPostprocessing = 0;
		};
/* End PBXFrameworksBuildPhase section */

/* Begin PBXGroup section */
		564126A52BD2F8130065605A = {
			isa = PBXGroup;
			children = (
				564126B02BD2F8130065605A /* NationalizeApp */,
				564126C72BD2F8140065605A /* NationalizeAppTests */,
				564126D12BD2F8140065605A /* NationalizeAppUITests */,
				564126AF2BD2F8130065605A /* Products */,
			);
			sourceTree = "<group>";
		};
		564126AF2BD2F8130065605A /* Products */ = {
			isa = PBXGroup;
			children = (
				564126AE2BD2F8130065605A /* NationalizeApp.app */,
				564126C42BD2F8140065605A /* NationalizeAppTests.xctest */,
				564126CE2BD2F8140065605A /* NationalizeAppUITests.xctest */,
			);
			name = Products;
			sourceTree = "<group>";
		};
		564126B02BD2F8130065605A /* NationalizeApp */ = {
			isa = PBXGroup;
			children = (
				564126B12BD2F8130065605A /* AppDelegate.swift */,
				564126B32BD2F8130065605A /* SceneDelegate.swift */,
				564126B52BD2F8130065605A /* ViewController.swift */,
				564126B72BD2F8130065605A /* Main.storyboard */,
				564126BA2BD2F8140065605A /* Assets.xcassets */,
				564126BC2BD2F8140065605A /* LaunchScreen.storyboard */,
				564126BF2BD2F8140065605A /* Info.plist */,
			);
			path = NationalizeApp;
			sourceTree = "<group>";
		};
		564126C72BD2F8140065605A /* NationalizeAppTests */ = {
			isa = PBXGroup;
			children = (
				564126C82BD2F8140065605A /* NationalizeAppTests.swift */,
			);
			path = NationalizeAppTests;
			sourceTree = "<group>";
		};
		564126D12BD2F8140065605A /* NationalizeAppUITests */ = {
			isa = PBXGroup;
			children = (
				564126D22BD2F8140065605A /* NationalizeAppUITests.swift */,
				564126D42BD2F8140065605A /* NationalizeAppUITestsLaunchTests.swift */,
			);
			path = NationalizeAppUITests;
			sourceTree = "<group>";
		};
/* End PBXGroup section */

/* Begin PBXNativeTarget section */
		564126AD2BD2F8130065605A /* NationalizeApp */ = {
			isa = PBXNativeTarget;
			buildConfigurationList = 564126D82BD2F8140065605A /* Build configuration list for PBXNativeTarget "NationalizeApp" */;
			buildPhases = (
				564126AA2BD2F8130065605A /* Sources */,
				564126AB2BD2F8130065605A /* Frameworks */,
				564126AC2BD2F8130065605A /* Resources */,
			);
			buildRules = (
			);
			dependencies = (
			);
			name = NationalizeApp;
			productName = NationalizeApp;
			productReference = 564126AE2BD2F8130065605A /* NationalizeApp.app */;
			productType = "com.apple.product-type.application";
		};
		564126C32BD2F8140065605A /* NationalizeAppTests */ = {
			isa = PBXNativeTarget;
			buildConfigurationList = 564126DB2BD2F8140065605A /* Build configuration list for PBXNativeTarget "NationalizeAppTests" */;
			buildPhases = (
				564126C02BD2F8140065605A /* Sources */,
				564126C12BD2F8140065605A /* Frameworks */,
				564126C22BD2F8140065605A /* Resources */,
			);
			buildRules = (
			);
			dependencies = (
				564126C62BD2F8140065605A /* PBXTargetDependency */,
			);
			name = NationalizeAppTests;
			productName = NationalizeAppTests;
			productReference = 564126C42BD2F8140065605A /* NationalizeAppTests.xctest */;
			productType = "com.apple.product-type.bundle.unit-test";
		};
		564126CD2BD2F8140065605A /* NationalizeAppUITests */ = {
			isa = PBXNativeTarget;
			buildConfigurationList = 564126DE2BD2F8140065605A /* Build configuration list for PBXNativeTarget "NationalizeAppUITests" */;
			buildPhases = (
				564126CA2BD2F8140065605A /* Sources */,
				564126CB2BD2F8140065605A /* Frameworks */,
				564126CC2BD2F8140065605A /* Resources */,
			);
			buildRules = (
			);
			dependencies = (
				564126D02BD2F8140065605A /* PBXTargetDependency */,
			);
			name = NationalizeAppUITests;
			productName = NationalizeAppUITests;
			productReference = 564126CE2BD2F8140065605A /* NationalizeAppUITests.xctest */;
			productType = "com.apple.product-type.bundle.ui-testing";
		};
/* End PBXNativeTarget section */

/* Begin PBXProject section */
		564126A62BD2F8130065605A /* Project object */ = {
			isa = PBXProject;
			attributes = {
				BuildIndependentTargetsInParallel = 1;
				LastSwiftUpdateCheck = 1530;
				LastUpgradeCheck = 1530;
				TargetAttributes = {
					564126AD2BD2F8130065605A = {
						CreatedOnToolsVersion = 15.3;
					};
					564126C32BD2F8140065605A = {
						CreatedOnToolsVersion = 15.3;
						TestTargetID = 564126AD2BD2F8130065605A;
					};
					564126CD2BD2F8140065605A = {
						CreatedOnToolsVersion = 15.3;
						TestTargetID = 564126AD2BD2F8130065605A;
					};
				};
			};
			buildConfigurationList = 564126A92BD2F8130065605A /* Build configuration list for PBXProject "NationalizeApp" */;
			compatibilityVersion = "Xcode 14.0";
			developmentRegion = en;
			hasScannedForEncodings = 0;
			knownRegions = (
				en,
				Base,
			);
			mainGroup = 564126A52BD2F8130065605A;
			productRefGroup = 564126AF2BD2F8130065605A /* Products */;
			projectDirPath = "";
			projectRoot = "";
			targets = (
				564126AD2BD2F8130065605A /* NationalizeApp */,
				564126C32BD2F8140065605A /* NationalizeAppTests */,
				564126CD2BD2F8140065605A /* NationalizeAppUITests */,
			);
		};
/* End PBXProject section */

/* Begin PBXResourcesBuildPhase section */
		564126AC2BD2F8130065605A /* Resources */ = {
			isa = PBXResourcesBuildPhase;
			buildActionMask = 2147483647;
			files = (
				564126BB2BD2F8140065605A /* Assets.xcassets in Resources */,
				564126BE2BD2F8140065605A /* Base in Resources */,
				564126B92BD2F8130065605A /* Base in Resources */,
			);
			runOnlyForDeploymentPostprocessing = 0;
		};
		564126C22BD2F8140065605A /* Resources */ = {
			isa = PBXResourcesBuildPhase;
			buildActionMask = 2147483647;
			files = (
			);
			runOnlyForDeploymentPostprocessing = 0;
		};
		564126CC2BD2F8140065605A /* Resources */ = {
			isa = PBXResourcesBuildPhase;
			buildActionMask = 2147483647;
			files = (
			);
			runOnlyForDeploymentPostprocessing = 0;
		};
/* End PBXResourcesBuildPhase section */

/* Begin PBXSourcesBuildPhase section */
		564126AA2BD2F8130065605A /* Sources */ = {
			isa = PBXSourcesBuildPhase;
			buildActionMask = 2147483647;
			files = (
				564126B62BD2F8130065605A /* ViewController.swift in Sources */,
				564126B22BD2F8130065605A /* AppDelegate.swift in Sources */,
				564126B42BD2F8130065605A /* SceneDelegate.swift in Sources */,
			);
			runOnlyForDeploymentPostprocessing = 0;
		};
		564126C02BD2F8140065605A /* Sources */ = {
			isa = PBXSourcesBuildPhase;
			buildActionMask = 2147483647;
			files = (
				564126C92BD2F8140065605A /* NationalizeAppTests.swift in Sources */,
			);
			runOnlyForDeploymentPostprocessing = 0;
		};
		564126CA2BD2F8140065605A /* Sources */ = {
			isa = PBXSourcesBuildPhase;
			buildActionMask = 2147483647;
			files = (
				564126D32BD2F8140065605A /* NationalizeAppUITests.swift in Sources */,
				564126D52BD2F8140065605A /* NationalizeAppUITestsLaunchTests.swift in Sources */,
			);
			runOnlyForDeploymentPostprocessing = 0;
		};
/* End PBXSourcesBuildPhase section */

/* Begin PBXTargetDependency section */
		564126C62BD2F8140065605A /* PBXTargetDependency */ = {
			isa = PBXTargetDependency;
			target = 564126AD2BD2F8130065605A /* NationalizeApp */;
			targetProxy = 564126C52BD2F8140065605A /* PBXContainerItemProxy */;
		};
		564126D02BD2F8140065605A /* PBXTargetDependency */ = {
			isa = PBXTargetDependency;
			target = 564126AD2BD2F8130065605A /* NationalizeApp */;
			targetProxy = 564126CF2BD2F8140065605A /* PBXContainerItemProxy */;
		};
/* End PBXTargetDependency section */

/* Begin PBXVariantGroup section */
		564126B72BD2F8130065605A /* Main.storyboard */ = {
			isa = PBXVariantGroup;
			children = (
				564126B82BD2F8130065605A /* Base */,
			);
			name = Main.storyboard;
			sourceTree = "<group>";
		};
		564126BC2BD2F8140065605A /* LaunchScreen.storyboard */ = {
			isa = PBXVariantGroup;
			children = (
				564126BD2BD2F8140065605A /* Base */,
			);
			name = LaunchScreen.storyboard;
			sourceTree = "<group>";
		};
/* End PBXVariantGroup section */

/* Begin XCBuildConfiguration section */
		564126D62BD2F8140065605A /* Debug */ = {
			isa = XCBuildConfiguration;
			buildSettings = {
				ALWAYS_SEARCH_USER_PATHS = NO;
				ASSETCATALOG_COMPILER_GENERATE_SWIFT_ASSET_SYMBOL_EXTENSIONS = YES;
				CLANG_ANALYZER_NONNULL = YES;
				CLANG_ANALYZER_NUMBER_OBJECT_CONVERSION = YES_AGGRESSIVE;
				CLANG_CXX_LANGUAGE_STANDARD = "gnu++20";
				CLANG_ENABLE_MODULES = YES;
				CLANG_ENABLE_OBJC_ARC = YES;
				CLANG_ENABLE_OBJC_WEAK = YES;
				CLANG_WARN_BLOCK_CAPTURE_AUTORELEASING = YES;
				CLANG_WARN_BOOL_CONVERSION = YES;
				CLANG_WARN_COMMA = YES;
				CLANG_WARN_CONSTANT_CONVERSION = YES;
				CLANG_WARN_DEPRECATED_OBJC_IMPLEMENTATIONS = YES;
				CLANG_WARN_DIRECT_OBJC_ISA_USAGE = YES_ERROR;
				CLANG_WARN_DOCUMENTATION_COMMENTS = YES;
				CLANG_WARN_EMPTY_BODY = YES;
				CLANG_WARN_ENUM_CONVERSION = YES;
				CLANG_WARN_INFINITE_RECURSION = YES;
				CLANG_WARN_INT_CONVERSION = YES;
				CLANG_WARN_NON_LITERAL_NULL_CONVERSION = YES;
				CLANG_WARN_OBJC_IMPLICIT_RETAIN_SELF = YES;
				CLANG_WARN_OBJC_LITERAL_CONVERSION = YES;
				CLANG_WARN_OBJC_ROOT_CLASS = YES_ERROR;
				CLANG_WARN_QUOTED_INCLUDE_IN_FRAMEWORK_HEADER = YES;
				CLANG_WARN_RANGE_LOOP_ANALYSIS = YES;
				CLANG_WARN_STRICT_PROTOTYPES = YES;
				CLANG_WARN_SUSPICIOUS_MOVE = YES;
				CLANG_WARN_UNGUARDED_AVAILABILITY = YES_AGGRESSIVE;
				CLANG_WARN_UNREACHABLE_CODE = YES;
				CLANG_WARN__DUPLICATE_METHOD_MATCH = YES;
				COPY_PHASE_STRIP = NO;
				DEBUG_INFORMATION_FORMAT = dwarf;
				ENABLE_STRICT_OBJC_MSGSEND = YES;
				ENABLE_TESTABILITY = YES;
				ENABLE_USER_SCRIPT_SANDBOXING = YES;
				GCC_C_LANGUAGE_STANDARD = gnu17;
				GCC_DYNAMIC_NO_PIC = NO;
				GCC_NO_COMMON_BLOCKS = YES;
				GCC_OPTIMIZATION_LEVEL = 0;
				GCC_PREPROCESSOR_DEFINITIONS = (
					"DEBUG=1",
					"$(inherited)",
				);
				GCC_WARN_64_TO_32_BIT_CONVERSION = YES;
				GCC_WARN_ABOUT_RETURN_TYPE = YES_ERROR;
				GCC_WARN_UNDECLARED_SELECTOR = YES;
				GCC_WARN_UNINITIALIZED_AUTOS = YES_AGGRESSIVE;
				GCC_WARN_UNUSED_FUNCTION = YES;
				GCC_WARN_UNUSED_VARIABLE = YES;
				IPHONEOS_DEPLOYMENT_TARGET = 17.4;
				LOCALIZATION_PREFERS_STRING_CATALOGS = YES;
				MTL_ENABLE_DEBUG_INFO = INCLUDE_SOURCE;
				MTL_FAST_MATH = YES;
				ONLY_ACTIVE_ARCH = YES;
				SDKROOT = iphoneos;
				SWIFT_ACTIVE_COMPILATION_CONDITIONS = "DEBUG $(inherited)";
				SWIFT_OPTIMIZATION_LEVEL = "-Onone";
			};
			name = Debug;
		};
		564126D72BD2F8140065605A /* Release */ = {
			isa = XCBuildConfiguration;
			buildSettings = {
				ALWAYS_SEARCH_USER_PATHS = NO;
				ASSETCATALOG_COMPILER_GENERATE_SWIFT_ASSET_SYMBOL_EXTENSIONS = YES;
				CLANG_ANALYZER_NONNULL = YES;
				CLANG_ANALYZER_NUMBER_OBJECT_CONVERSION = YES_AGGRESSIVE;
				CLANG_CXX_LANGUAGE_STANDARD = "gnu++20";
				CLANG_ENABLE_MODULES = YES;
				CLANG_ENABLE_OBJC_ARC = YES;
				CLANG_ENABLE_OBJC_WEAK = YES;
				CLANG_WARN_BLOCK_CAPTURE_AUTORELEASING = YES;
				CLANG_WARN_BOOL_CONVERSION = YES;
				CLANG_WARN_COMMA = YES;
				CLANG_WARN_CONSTANT_CONVERSION = YES;
				CLANG_WARN_DEPRECATED_OBJC_IMPLEMENTATIONS = YES;
				CLANG_WARN_DIRECT_OBJC_ISA_USAGE = YES_ERROR;
				CLANG_WARN_DOCUMENTATION_COMMENTS = YES;
				CLANG_WARN_EMPTY_BODY = YES;
				CLANG_WARN_ENUM_CONVERSION = YES;
				CLANG_WARN_INFINITE_RECURSION = YES;
				CLANG_WARN_INT_CONVERSION = YES;
				CLANG_WARN_NON_LITERAL_NULL_CONVERSION = YES;
				CLANG_WARN_OBJC_IMPLICIT_RETAIN_SELF = YES;
				CLANG_WARN_OBJC_LITERAL_CONVERSION = YES;
				CLANG_WARN_OBJC_ROOT_CLASS = YES_ERROR;
				CLANG_WARN_QUOTED_INCLUDE_IN_FRAMEWORK_HEADER = YES;
				CLANG_WARN_RANGE_LOOP_ANALYSIS = YES;
				CLANG_WARN_STRICT_PROTOTYPES = YES;
				CLANG_WARN_SUSPICIOUS_MOVE = YES;
				CLANG_WARN_UNGUARDED_AVAILABILITY = YES_AGGRESSIVE;
				CLANG_WARN_UNREACHABLE_CODE = YES;
				CLANG_WARN__DUPLICATE_METHOD_MATCH = YES;
				COPY_PHASE_STRIP = NO;
				DEBUG_INFORMATION_FORMAT = "dwarf-with-dsym";
				ENABLE_NS_ASSERTIONS = NO;
				ENABLE_STRICT_OBJC_MSGSEND = YES;
				ENABLE_USER_SCRIPT_SANDBOXING = YES;
				GCC_C_LANGUAGE_STANDARD = gnu17;
				GCC_NO_COMMON_BLOCKS = YES;
				GCC_WARN_64_TO_32_BIT_CONVERSION = YES;
				GCC_WARN_ABOUT_RETURN_TYPE = YES_ERROR;
				GCC_WARN_UNDECLARED_SELECTOR = YES;
				GCC_WARN_UNINITIALIZED_AUTOS = YES_AGGRESSIVE;
				GCC_WARN_UNUSED_FUNCTION = YES;
				GCC_WARN_UNUSED_VARIABLE = YES;
				IPHONEOS_DEPLOYMENT_TARGET = 17.4;
				LOCALIZATION_PREFERS_STRING_CATALOGS = YES;
				MTL_ENABLE_DEBUG_INFO = NO;
				MTL_FAST_MATH = YES;
				SDKROOT = iphoneos;
				SWIFT_COMPILATION_MODE = wholemodule;
				VALIDATE_PRODUCT = YES;
			};
			name = Release;
		};
		564126D92BD2F8140065605A /* Debug */ = {
			isa = XCBuildConfiguration;
			buildSettings = {
				ASSETCATALOG_COMPILER_APPICON_NAME = AppIcon;
				ASSETCATALOG_COMPILER_GLOBAL_ACCENT_COLOR_NAME = AccentColor;
				CODE_SIGN_STYLE = Automatic;
				CURRENT_PROJECT_VERSION = 1;
				DEVELOPMENT_TEAM = VXF37T9QF4;
				GENERATE_INFOPLIST_FILE = YES;
				INFOPLIST_FILE = NationalizeApp/Info.plist;
				INFOPLIST_KEY_UIApplicationSupportsIndirectInputEvents = YES;
				INFOPLIST_KEY_UILaunchStoryboardName = LaunchScreen;
				INFOPLIST_KEY_UIMainStoryboardFile = Main;
				INFOPLIST_KEY_UISupportedInterfaceOrientations_iPad = "UIInterfaceOrientationPortrait UIInterfaceOrientationPortraitUpsideDown UIInterfaceOrientationLandscapeLeft UIInterfaceOrientationLandscapeRight";
				INFOPLIST_KEY_UISupportedInterfaceOrientations_iPhone = "UIInterfaceOrientationPortrait UIInterfaceOrientationLandscapeLeft UIInterfaceOrientationLandscapeRight";
				LD_RUNPATH_SEARCH_PATHS = (
					"$(inherited)",
					"@executable_path/Frameworks",
				);
				MARKETING_VERSION = 1.0;
				PRODUCT_BUNDLE_IDENTIFIER = com.danielWashington.NationalizeApp;
				PRODUCT_NAME = "$(TARGET_NAME)";
				SWIFT_EMIT_LOC_STRINGS = YES;
				SWIFT_VERSION = 5.0;
				TARGETED_DEVICE_FAMILY = "1,2";
			};
			name = Debug;
		};
		564126DA2BD2F8140065605A /* Release */ = {
			isa = XCBuildConfiguration;
			buildSettings = {
				ASSETCATALOG_COMPILER_APPICON_NAME = AppIcon;
				ASSETCATALOG_COMPILER_GLOBAL_ACCENT_COLOR_NAME = AccentColor;
				CODE_SIGN_STYLE = Automatic;
				CURRENT_PROJECT_VERSION = 1;
				DEVELOPMENT_TEAM = VXF37T9QF4;
				GENERATE_INFOPLIST_FILE = YES;
				INFOPLIST_FILE = NationalizeApp/Info.plist;
				INFOPLIST_KEY_UIApplicationSupportsIndirectInputEvents = YES;
				INFOPLIST_KEY_UILaunchStoryboardName = LaunchScreen;
				INFOPLIST_KEY_UIMainStoryboardFile = Main;
				INFOPLIST_KEY_UISupportedInterfaceOrientations_iPad = "UIInterfaceOrientationPortrait UIInterfaceOrientationPortraitUpsideDown UIInterfaceOrientationLandscapeLeft UIInterfaceOrientationLandscapeRight";
				INFOPLIST_KEY_UISupportedInterfaceOrientations_iPhone = "UIInterfaceOrientationPortrait UIInterfaceOrientationLandscapeLeft UIInterfaceOrientationLandscapeRight";
				LD_RUNPATH_SEARCH_PATHS = (
					"$(inherited)",
					"@executable_path/Frameworks",
				);
				MARKETING_VERSION = 1.0;
				PRODUCT_BUNDLE_IDENTIFIER = com.danielWashington.NationalizeApp;
				PRODUCT_NAME = "$(TARGET_NAME)";
				SWIFT_EMIT_LOC_STRINGS = YES;
				SWIFT_VERSION = 5.0;
				TARGETED_DEVICE_FAMILY = "1,2";
			};
			name = Release;
		};
		564126DC2BD2F8140065605A /* Debug */ = {
			isa = XCBuildConfiguration;
			buildSettings = {
				ALWAYS_EMBED_SWIFT_STANDARD_LIBRARIES = YES;
				BUNDLE_LOADER = "$(TEST_HOST)";
				CODE_SIGN_STYLE = Automatic;
				CURRENT_PROJECT_VERSION = 1;
				DEVELOPMENT_TEAM = VXF37T9QF4;
				GENERATE_INFOPLIST_FILE = YES;
				IPHONEOS_DEPLOYMENT_TARGET = 17.4;
				MARKETING_VERSION = 1.0;
				PRODUCT_BUNDLE_IDENTIFIER = com.danielWashington.NationalizeAppTests;
				PRODUCT_NAME = "$(TARGET_NAME)";
				SWIFT_EMIT_LOC_STRINGS = NO;
				SWIFT_VERSION = 5.0;
				TARGETED_DEVICE_FAMILY = "1,2";
				TEST_HOST = "$(BUILT_PRODUCTS_DIR)/NationalizeApp.app/$(BUNDLE_EXECUTABLE_FOLDER_PATH)/NationalizeApp";
			};
			name = Debug;
		};
		564126DD2BD2F8140065605A /* Release */ = {
			isa = XCBuildConfiguration;
			buildSettings = {
				ALWAYS_EMBED_SWIFT_STANDARD_LIBRARIES = YES;
				BUNDLE_LOADER = "$(TEST_HOST)";
				CODE_SIGN_STYLE = Automatic;
				CURRENT_PROJECT_VERSION = 1;
				DEVELOPMENT_TEAM = VXF37T9QF4;
				GENERATE_INFOPLIST_FILE = YES;
				IPHONEOS_DEPLOYMENT_TARGET = 17.4;
				MARKETING_VERSION = 1.0;
				PRODUCT_BUNDLE_IDENTIFIER = com.danielWashington.NationalizeAppTests;
				PRODUCT_NAME = "$(TARGET_NAME)";
				SWIFT_EMIT_LOC_STRINGS = NO;
				SWIFT_VERSION = 5.0;
				TARGETED_DEVICE_FAMILY = "1,2";
				TEST_HOST = "$(BUILT_PRODUCTS_DIR)/NationalizeApp.app/$(BUNDLE_EXECUTABLE_FOLDER_PATH)/NationalizeApp";
			};
			name = Release;
		};
		564126DF2BD2F8140065605A /* Debug */ = {
			isa = XCBuildConfiguration;
			buildSettings = {
				ALWAYS_EMBED_SWIFT_STANDARD_LIBRARIES = YES;
				CODE_SIGN_STYLE = Automatic;
				CURRENT_PROJECT_VERSION = 1;
				DEVELOPMENT_TEAM = VXF37T9QF4;
				GENERATE_INFOPLIST_FILE = YES;
				MARKETING_VERSION = 1.0;
				PRODUCT_BUNDLE_IDENTIFIER = com.danielWashington.NationalizeAppUITests;
				PRODUCT_NAME = "$(TARGET_NAME)";
				SWIFT_EMIT_LOC_STRINGS = NO;
				SWIFT_VERSION = 5.0;
				TARGETED_DEVICE_FAMILY = "1,2";
				TEST_TARGET_NAME = NationalizeApp;
			};
			name = Debug;
		};
		564126E02BD2F8140065605A /* Release */ = {
			isa = XCBuildConfiguration;
			buildSettings = {
				ALWAYS_EMBED_SWIFT_STANDARD_LIBRARIES = YES;
				CODE_SIGN_STYLE = Automatic;
				CURRENT_PROJECT_VERSION = 1;
				DEVELOPMENT_TEAM = VXF37T9QF4;
				GENERATE_INFOPLIST_FILE = YES;
				MARKETING_VERSION = 1.0;
				PRODUCT_BUNDLE_IDENTIFIER = com.danielWashington.NationalizeAppUITests;
				PRODUCT_NAME = "$(TARGET_NAME)";
				SWIFT_EMIT_LOC_STRINGS = NO;
				SWIFT_VERSION = 5.0;
				TARGETED_DEVICE_FAMILY = "1,2";
				TEST_TARGET_NAME = NationalizeApp;
			};
			name = Release;
		};
/* End XCBuildConfiguration section */

/* Begin XCConfigurationList section */
		564126A92BD2F8130065605A /* Build configuration list for PBXProject "NationalizeApp" */ = {
			isa = XCConfigurationList;
			buildConfigurations = (
				564126D62BD2F8140065605A /* Debug */,
				564126D72BD2F8140065605A /* Release */,
			);
			defaultConfigurationIsVisible = 0;
			defaultConfigurationName = Release;
		};
		564126D82BD2F8140065605A /* Build configuration list for PBXNativeTarget "NationalizeApp" */ = {
			isa = XCConfigurationList;
			buildConfigurations = (
				564126D92BD2F8140065605A /* Debug */,
				564126DA2BD2F8140065605A /* Release */,
			);
			defaultConfigurationIsVisible = 0;
			defaultConfigurationName = Release;
		};
		564126DB2BD2F8140065605A /* Build configuration list for PBXNativeTarget "NationalizeAppTests" */ = {
			isa = XCConfigurationList;
			buildConfigurations = (
				564126DC2BD2F8140065605A /* Debug */,
				564126DD2BD2F8140065605A /* Release */,
			);
			defaultConfigurationIsVisible = 0;
			defaultConfigurationName = Release;
		};
		564126DE2BD2F8140065605A /* Build configuration list for PBXNativeTarget "NationalizeAppUITests" */ = {
			isa = XCConfigurationList;
			buildConfigurations = (
				564126DF2BD2F8140065605A /* Debug */,
				564126E02BD2F8140065605A /* Release */,
			);
			defaultConfigurationIsVisible = 0;
			defaultConfigurationName = Release;
		};
/* End XCConfigurationList section */
	};
	rootObject = 564126A62BD2F8130065605A /* Project object */;
}
